
Microsoft Visual Studio Solution File, Format Version 12.00
# Visual Studio 15
VisualStudioVersion = 15.0.27428.2002
MinimumVisualStudioVersion = 10.0.40219.1
Project("{FAE04EC0-301F-11D3-BF4B-00C04F79EFBC}") = "ElevatorSimulation", "ElevatorSimulation\ElevatorSimulation.csproj", "{2F40E95D-06BD-4B9A-B5CA-7E6F6268530C}"
EndProject
Global
	GlobalSection(SolutionConfigurationPlatforms) = preSolution
		Debug|Any CPU = Debug|Any CPU
		Release|Any CPU = Release|Any CPU
	EndGlobalSection
	GlobalSection(ProjectConfigurationPlatforms) = postSolution
		{2F40E95D-06BD-4B9A-B5CA-7E6F6268530C}.Debug|Any CPU.ActiveCfg = Debug|Any CPU
		{2F40E95D-06BD-4B9A-B5CA-7E6F6268530C}.Debug|Any CPU.Build.0 = Debug|Any CPU
		{2F40E95D-06BD-4B9A-B5CA-7E6F6268530C}.Release|Any CPU.ActiveCfg = Release|Any CPU
		{2F40E95D-06BD-4B9A-B5CA-7E6F6268530C}.Release|Any CPU.Build.0 = Release|Any CPU
	EndGlobalSection
	GlobalSection(SolutionProperties) = preSolution
		HideSolutionNode = FALSE
	EndGlobalSection
	GlobalSection(ExtensibilityGlobals) = postSolution
		SolutionGuid = {413A3432-0FD2-48B2-8227-DA27EB37312A}
	EndGlobalSection
EndGlobal
